
Microsoft Visual Studio Solution File, Format Version 12.00
# Visual Studio Version 16
VisualStudioVersion = 16.0.31410.357
MinimumVisualStudioVersion = 10.0.40219.1
Project("{FAE04EC0-301F-11D3-BF4B-00C04F79EFBC}") = "SelfLearnASPNET", "SelfLearnASPNET.csproj", "{E236FCF3-2863-4DC1-82BC-341680678097}"
EndProject
Global
	GlobalSection(SolutionConfigurationPlatforms) = preSolution
		Debug|Any CPU = Debug|Any CPU
		Release|Any CPU = Release|Any CPU
	EndGlobalSection
	GlobalSection(ProjectConfigurationPlatforms) = postSolution
		{E236FCF3-2863-4DC1-82BC-341680678097}.Debug|Any CPU.ActiveCfg = Debug|Any CPU
		{E236FCF3-2863-4DC1-82BC-341680678097}.Debug|Any CPU.Build.0 = Debug|Any CPU
		{E236FCF3-2863-4DC1-82BC-341680678097}.Release|Any CPU.ActiveCfg = Release|Any CPU
		{E236FCF3-2863-4DC1-82BC-341680678097}.Release|Any CPU.Build.0 = Release|Any CPU
	EndGlobalSection
	GlobalSection(SolutionProperties) = preSolution
		HideSolutionNode = FALSE
	EndGlobalSection
	GlobalSection(ExtensibilityGlobals) = postSolution
		SolutionGuid = {12D829C1-932E-4B69-AD95-F96833F5956D}
	EndGlobalSection
EndGlobal
